
Microsoft Visual Studio Solution File, Format Version 12.00
# Visual Studio 15
VisualStudioVersion = 15.0.27004.2006
MinimumVisualStudioVersion = 10.0.40219.1
Project("{FAE04EC0-301F-11D3-BF4B-00C04F79EFBC}") = "TextAdventure.Interface", "TextAdventure\TextAdventure.Interface.csproj", "{DE25544F-02D5-4F4B-8BED-3B766FB3011B}"
EndProject
Project("{FAE04EC0-301F-11D3-BF4B-00C04F79EFBC}") = "TextAdventure.Domain", "TextAdventure.Domain\TextAdventure.Domain.csproj", "{47E98B8D-C367-4FE6-94DE-3676F00DFA9A}"
EndProject
Project("{FAE04EC0-301F-11D3-BF4B-00C04F79EFBC}") = "TextAdventure.Tests", "TextAdventure.UnitTests\TextAdventure.Tests.csproj", "{82C82BCD-B170-4C93-9E77-B5B6198B1173}"
EndProject
Project("{FAE04EC0-301F-11D3-BF4B-00C04F79EFBC}") = "TextAdventure.Application", "TextAdventure.Application\TextAdventure.Application.csproj", "{A00A4DDA-AC4A-494A-8604-94FE2B8B853C}"
EndProject
Project("{FAE04EC0-301F-11D3-BF4B-00C04F79EFBC}") = "TextAdventure.Infrastructure", "TextAdventure.Infrastructure\TextAdventure.Infrastructure.csproj", "{3408A9D5-CE6C-4D2F-AA7D-9AB84DC5A3E9}"
EndProject
Project("{FAE04EC0-301F-11D3-BF4B-00C04F79EFBC}") = "TextAdventure.MVC", "TextAdventure.MVC\TextAdventure.MVC.csproj", "{1038DEA6-8B5C-41F7-8567-1A1C04A2CB5C}"
EndProject
Project("{FAE04EC0-301F-11D3-BF4B-00C04F79EFBC}") = "TextAdventure.MVC.Tests", "TextAdventure.MVC.Tests\TextAdventure.MVC.Tests.csproj", "{C3909276-9424-4227-BFE7-5466A93A6004}"
EndProject
Project("{FAE04EC0-301F-11D3-BF4B-00C04F79EFBC}") = "TextAdventure.Umbraco", "TextAdventure.Umbraco\TextAdventure.Umbraco.csproj", "{D5565F2A-82FB-439C-A6A9-0C2BE4995B82}"
EndProject
Project("{FAE04EC0-301F-11D3-BF4B-00C04F79EFBC}") = "TextAdventure.Domain.UnitTests", "TextAdventure.Domain.UnitTest\TextAdventure.Domain.UnitTests.csproj", "{400A469E-3A14-4C36-B4A9-BD51755317CA}"
EndProject
Project("{FAE04EC0-301F-11D3-BF4B-00C04F79EFBC}") = "TextAdventure.Console", "TextAdventure.Console\TextAdventure.Console.csproj", "{85D4DCE9-297A-4CC2-89B1-3CF2A32E9E7F}"
EndProject
Project("{FAE04EC0-301F-11D3-BF4B-00C04F79EFBC}") = "TextAdventure.Infrastructure.UnitTests", "TextAdventure.Infrastructure.UnitTests\TextAdventure.Infrastructure.UnitTests.csproj", "{29DF3331-104C-40B4-B07E-71F4BCF0291F}"
EndProject
Global
	GlobalSection(SolutionConfigurationPlatforms) = preSolution
		Debug|Any CPU = Debug|Any CPU
		Release|Any CPU = Release|Any CPU
	EndGlobalSection
	GlobalSection(ProjectConfigurationPlatforms) = postSolution
		{DE25544F-02D5-4F4B-8BED-3B766FB3011B}.Debug|Any CPU.ActiveCfg = Debug|Any CPU
		{DE25544F-02D5-4F4B-8BED-3B766FB3011B}.Debug|Any CPU.Build.0 = Debug|Any CPU
		{DE25544F-02D5-4F4B-8BED-3B766FB3011B}.Release|Any CPU.ActiveCfg = Release|Any CPU
		{DE25544F-02D5-4F4B-8BED-3B766FB3011B}.Release|Any CPU.Build.0 = Release|Any CPU
		{47E98B8D-C367-4FE6-94DE-3676F00DFA9A}.Debug|Any CPU.ActiveCfg = Debug|Any CPU
		{47E98B8D-C367-4FE6-94DE-3676F00DFA9A}.Debug|Any CPU.Build.0 = Debug|Any CPU
		{47E98B8D-C367-4FE6-94DE-3676F00DFA9A}.Release|Any CPU.ActiveCfg = Release|Any CPU
		{47E98B8D-C367-4FE6-94DE-3676F00DFA9A}.Release|Any CPU.Build.0 = Release|Any CPU
		{82C82BCD-B170-4C93-9E77-B5B6198B1173}.Debug|Any CPU.ActiveCfg = Debug|Any CPU
		{82C82BCD-B170-4C93-9E77-B5B6198B1173}.Debug|Any CPU.Build.0 = Debug|Any CPU
		{82C82BCD-B170-4C93-9E77-B5B6198B1173}.Release|Any CPU.ActiveCfg = Release|Any CPU
		{82C82BCD-B170-4C93-9E77-B5B6198B1173}.Release|Any CPU.Build.0 = Release|Any CPU
		{A00A4DDA-AC4A-494A-8604-94FE2B8B853C}.Debug|Any CPU.ActiveCfg = Debug|Any CPU
		{A00A4DDA-AC4A-494A-8604-94FE2B8B853C}.Debug|Any CPU.Build.0 = Debug|Any CPU
		{A00A4DDA-AC4A-494A-8604-94FE2B8B853C}.Debug|Any CPU.Deploy.0 = Debug|Any CPU
		{A00A4DDA-AC4A-494A-8604-94FE2B8B853C}.Release|Any CPU.ActiveCfg = Release|Any CPU
		{A00A4DDA-AC4A-494A-8604-94FE2B8B853C}.Release|Any CPU.Build.0 = Release|Any CPU
		{3408A9D5-CE6C-4D2F-AA7D-9AB84DC5A3E9}.Debug|Any CPU.ActiveCfg = Debug|Any CPU
		{3408A9D5-CE6C-4D2F-AA7D-9AB84DC5A3E9}.Debug|Any CPU.Build.0 = Debug|Any CPU
		{3408A9D5-CE6C-4D2F-AA7D-9AB84DC5A3E9}.Release|Any CPU.ActiveCfg = Release|Any CPU
		{3408A9D5-CE6C-4D2F-AA7D-9AB84DC5A3E9}.Release|Any CPU.Build.0 = Release|Any CPU
		{1038DEA6-8B5C-41F7-8567-1A1C04A2CB5C}.Debug|Any CPU.ActiveCfg = Debug|Any CPU
		{1038DEA6-8B5C-41F7-8567-1A1C04A2CB5C}.Debug|Any CPU.Build.0 = Debug|Any CPU
		{1038DEA6-8B5C-41F7-8567-1A1C04A2CB5C}.Release|Any CPU.ActiveCfg = Release|Any CPU
		{1038DEA6-8B5C-41F7-8567-1A1C04A2CB5C}.Release|Any CPU.Build.0 = Release|Any CPU
		{C3909276-9424-4227-BFE7-5466A93A6004}.Debug|Any CPU.ActiveCfg = Debug|Any CPU
		{C3909276-9424-4227-BFE7-5466A93A6004}.Debug|Any CPU.Build.0 = Debug|Any CPU
		{C3909276-9424-4227-BFE7-5466A93A6004}.Release|Any CPU.ActiveCfg = Release|Any CPU
		{C3909276-9424-4227-BFE7-5466A93A6004}.Release|Any CPU.Build.0 = Release|Any CPU
		{D5565F2A-82FB-439C-A6A9-0C2BE4995B82}.Debug|Any CPU.ActiveCfg = Debug|Any CPU
		{D5565F2A-82FB-439C-A6A9-0C2BE4995B82}.Debug|Any CPU.Build.0 = Debug|Any CPU
		{D5565F2A-82FB-439C-A6A9-0C2BE4995B82}.Release|Any CPU.ActiveCfg = Release|Any CPU
		{D5565F2A-82FB-439C-A6A9-0C2BE4995B82}.Release|Any CPU.Build.0 = Release|Any CPU
		{400A469E-3A14-4C36-B4A9-BD51755317CA}.Debug|Any CPU.ActiveCfg = Debug|Any CPU
		{400A469E-3A14-4C36-B4A9-BD51755317CA}.Debug|Any CPU.Build.0 = Debug|Any CPU
		{400A469E-3A14-4C36-B4A9-BD51755317CA}.Release|Any CPU.ActiveCfg = Release|Any CPU
		{400A469E-3A14-4C36-B4A9-BD51755317CA}.Release|Any CPU.Build.0 = Release|Any CPU
		{85D4DCE9-297A-4CC2-89B1-3CF2A32E9E7F}.Debug|Any CPU.ActiveCfg = Debug|Any CPU
		{85D4DCE9-297A-4CC2-89B1-3CF2A32E9E7F}.Debug|Any CPU.Build.0 = Debug|Any CPU
		{85D4DCE9-297A-4CC2-89B1-3CF2A32E9E7F}.Release|Any CPU.ActiveCfg = Release|Any CPU
		{85D4DCE9-297A-4CC2-89B1-3CF2A32E9E7F}.Release|Any CPU.Build.0 = Release|Any CPU
		{29DF3331-104C-40B4-B07E-71F4BCF0291F}.Debug|Any CPU.ActiveCfg = Debug|Any CPU
		{29DF3331-104C-40B4-B07E-71F4BCF0291F}.Debug|Any CPU.Build.0 = Debug|Any CPU
		{29DF3331-104C-40B4-B07E-71F4BCF0291F}.Release|Any CPU.ActiveCfg = Release|Any CPU
		{29DF3331-104C-40B4-B07E-71F4BCF0291F}.Release|Any CPU.Build.0 = Release|Any CPU
	EndGlobalSection
	GlobalSection(SolutionProperties) = preSolution
		HideSolutionNode = FALSE
	EndGlobalSection
	GlobalSection(ExtensibilityGlobals) = postSolution
		SolutionGuid = {4CDF7CFC-3921-47DD-A0BB-43874D5CE804}
	EndGlobalSection
EndGlobal
